
Microsoft Visual Studio Solution File, Format Version 12.00
# Visual Studio Version 17
VisualStudioVersion = 17.8.34511.84
MinimumVisualStudioVersion = 10.0.40219.1
Project("{2150E333-8FDC-42A3-9474-1A3956D46DE8}") = "sentinelone-user-service", "sentinelone-user-service", "{5B577F1B-7C14-4DD2-A17D-231F7D808D5A}"
EndProject
Project("{2150E333-8FDC-42A3-9474-1A3956D46DE8}") = "src", "src", "{81C1E04D-85F2-48C9-A213-361BDDF0B6FE}"
EndProject
Project("{FAE04EC0-301F-11D3-BF4B-00C04F79EFBC}") = "SentinelOne.Api", "SentinelOne.Api\SentinelOne.Api.csproj", "{46852590-3188-4A16-8617-C4888D0F2B4B}"
EndProject
Project("{FAE04EC0-301F-11D3-BF4B-00C04F79EFBC}") = "SentinelOne.Authorization", "SentinelOne.Authorization\SentinelOne.Authorization.csproj", "{7641B3BA-9EF6-4C10-ACDE-02B1976E1B27}"
EndProject
Project("{FAE04EC0-301F-11D3-BF4B-00C04F79EFBC}") = "SentinelOne.Persistence", "SentinelOne.Persistence\SentinelOne.Persistence.csproj", "{DD8169AF-9988-4FDD-8535-43B779815745}"
EndProject
Project("{2150E333-8FDC-42A3-9474-1A3956D46DE8}") = "sentinelone-api-gateway", "sentinelone-api-gateway", "{0583102F-E07E-4669-B684-8DABF9323730}"
EndProject
Project("{2150E333-8FDC-42A3-9474-1A3956D46DE8}") = "src", "src", "{660D6BD5-7399-4444-85B6-5586671535A0}"
EndProject
Project("{FAE04EC0-301F-11D3-BF4B-00C04F79EFBC}") = "SentinelOne.ApiGateway", "SentinelOne.ApiGateway\SentinelOne.ApiGateway.csproj", "{CC0503EF-32D7-4869-B727-67792E27B860}"
EndProject
Project("{2150E333-8FDC-42A3-9474-1A3956D46DE8}") = "sentinelone-auth-service", "sentinelone-auth-service", "{DFBFDF24-EE2F-4223-B63B-60C7FCC6E071}"
EndProject
Project("{2150E333-8FDC-42A3-9474-1A3956D46DE8}") = "src", "src", "{09D0891B-0AA7-42BC-B17C-86198DF1BBE7}"
EndProject
Project("{FAE04EC0-301F-11D3-BF4B-00C04F79EFBC}") = "SentinelOne.Authentication", "SentinelOne.Authentication\SentinelOne.Authentication.csproj", "{D43A4613-F4EC-4CAA-B4C3-DDBB05E836E2}"
EndProject
Global
	GlobalSection(SolutionConfigurationPlatforms) = preSolution
		Debug|Any CPU = Debug|Any CPU
		Release|Any CPU = Release|Any CPU
	EndGlobalSection
	GlobalSection(ProjectConfigurationPlatforms) = postSolution
		{46852590-3188-4A16-8617-C4888D0F2B4B}.Debug|Any CPU.ActiveCfg = Debug|Any CPU
		{46852590-3188-4A16-8617-C4888D0F2B4B}.Debug|Any CPU.Build.0 = Debug|Any CPU
		{46852590-3188-4A16-8617-C4888D0F2B4B}.Release|Any CPU.ActiveCfg = Release|Any CPU
		{46852590-3188-4A16-8617-C4888D0F2B4B}.Release|Any CPU.Build.0 = Release|Any CPU
		{7641B3BA-9EF6-4C10-ACDE-02B1976E1B27}.Debug|Any CPU.ActiveCfg = Debug|Any CPU
		{7641B3BA-9EF6-4C10-ACDE-02B1976E1B27}.Debug|Any CPU.Build.0 = Debug|Any CPU
		{7641B3BA-9EF6-4C10-ACDE-02B1976E1B27}.Release|Any CPU.ActiveCfg = Release|Any CPU
		{7641B3BA-9EF6-4C10-ACDE-02B1976E1B27}.Release|Any CPU.Build.0 = Release|Any CPU
		{DD8169AF-9988-4FDD-8535-43B779815745}.Debug|Any CPU.ActiveCfg = Debug|Any CPU
		{DD8169AF-9988-4FDD-8535-43B779815745}.Debug|Any CPU.Build.0 = Debug|Any CPU
		{DD8169AF-9988-4FDD-8535-43B779815745}.Release|Any CPU.ActiveCfg = Release|Any CPU
		{DD8169AF-9988-4FDD-8535-43B779815745}.Release|Any CPU.Build.0 = Release|Any CPU
		{CC0503EF-32D7-4869-B727-67792E27B860}.Debug|Any CPU.ActiveCfg = Debug|Any CPU
		{CC0503EF-32D7-4869-B727-67792E27B860}.Debug|Any CPU.Build.0 = Debug|Any CPU
		{CC0503EF-32D7-4869-B727-67792E27B860}.Release|Any CPU.ActiveCfg = Release|Any CPU
		{CC0503EF-32D7-4869-B727-67792E27B860}.Release|Any CPU.Build.0 = Release|Any CPU
		{D43A4613-F4EC-4CAA-B4C3-DDBB05E836E2}.Debug|Any CPU.ActiveCfg = Debug|Any CPU
		{D43A4613-F4EC-4CAA-B4C3-DDBB05E836E2}.Debug|Any CPU.Build.0 = Debug|Any CPU
		{D43A4613-F4EC-4CAA-B4C3-DDBB05E836E2}.Release|Any CPU.ActiveCfg = Release|Any CPU
		{D43A4613-F4EC-4CAA-B4C3-DDBB05E836E2}.Release|Any CPU.Build.0 = Release|Any CPU
	EndGlobalSection
	GlobalSection(SolutionProperties) = preSolution
		HideSolutionNode = FALSE
	EndGlobalSection
	GlobalSection(NestedProjects) = preSolution
		{81C1E04D-85F2-48C9-A213-361BDDF0B6FE} = {5B577F1B-7C14-4DD2-A17D-231F7D808D5A}
		{46852590-3188-4A16-8617-C4888D0F2B4B} = {81C1E04D-85F2-48C9-A213-361BDDF0B6FE}
		{7641B3BA-9EF6-4C10-ACDE-02B1976E1B27} = {81C1E04D-85F2-48C9-A213-361BDDF0B6FE}
		{DD8169AF-9988-4FDD-8535-43B779815745} = {81C1E04D-85F2-48C9-A213-361BDDF0B6FE}
		{660D6BD5-7399-4444-85B6-5586671535A0} = {0583102F-E07E-4669-B684-8DABF9323730}
		{CC0503EF-32D7-4869-B727-67792E27B860} = {660D6BD5-7399-4444-85B6-5586671535A0}
		{09D0891B-0AA7-42BC-B17C-86198DF1BBE7} = {DFBFDF24-EE2F-4223-B63B-60C7FCC6E071}
		{D43A4613-F4EC-4CAA-B4C3-DDBB05E836E2} = {09D0891B-0AA7-42BC-B17C-86198DF1BBE7}
	EndGlobalSection
	GlobalSection(ExtensibilityGlobals) = postSolution
		SolutionGuid = {629CFB57-A174-41A9-9EEA-C7FB3ADC6E0E}
	EndGlobalSection
EndGlobal
